// !$*UTF8*$!
{
	archiveVersion = 1;
	classes = {
	};
	objectVersion = 46;
	objects = {

/* Begin PBXBuildFile section */
		072CFDD51F9A3A95001D7468 /* SettingLancher.swift in Sources */ = {isa = PBXBuildFile; fileRef = 072CFDD41F9A3A95001D7468 /* SettingLancher.swift */; };
		072CFDD71F9A3FBD001D7468 /* SettingCell.swift in Sources */ = {isa = PBXBuildFile; fileRef = 072CFDD61F9A3FBD001D7468 /* SettingCell.swift */; };
		072CFDDA1F9A642C001D7468 /* ApiService.swift in Sources */ = {isa = PBXBuildFile; fileRef = 072CFDD91F9A642C001D7468 /* ApiService.swift */; };
		072CFDDC1F9A706E001D7468 /* FeedCell.swift in Sources */ = {isa = PBXBuildFile; fileRef = 072CFDDB1F9A706E001D7468 /* FeedCell.swift */; };
		072CFDDE1F9A786B001D7468 /* TrendingCell.swift in Sources */ = {isa = PBXBuildFile; fileRef = 072CFDDD1F9A786B001D7468 /* TrendingCell.swift */; };
		072CFDE01F9A7A03001D7468 /* SubscriptionCell.swift in Sources */ = {isa = PBXBuildFile; fileRef = 072CFDDF1F9A7A03001D7468 /* SubscriptionCell.swift */; };
		072CFDE21F9A85F6001D7468 /* VideoLauncher.swift in Sources */ = {isa = PBXBuildFile; fileRef = 072CFDE11F9A85F6001D7468 /* VideoLauncher.swift */; };
		073F19B01EB93544000478D5 /* AppDelegate.swift in Sources */ = {isa = PBXBuildFile; fileRef = 073F19AF1EB93544000478D5 /* AppDelegate.swift */; };
		073F19B71EB93544000478D5 /* Assets.xcassets in Resources */ = {isa = PBXBuildFile; fileRef = 073F19B61EB93544000478D5 /* Assets.xcassets */; };
		073F19BA1EB93544000478D5 /* LaunchScreen.storyboard in Resources */ = {isa = PBXBuildFile; fileRef = 073F19B81EB93544000478D5 /* LaunchScreen.storyboard */; };
		073F19C21EB9362B000478D5 /* HomeController.swift in Sources */ = {isa = PBXBuildFile; fileRef = 073F19C11EB9362B000478D5 /* HomeController.swift */; };
		077A62D51F8C07D400404CB8 /* Extentions.swift in Sources */ = {isa = PBXBuildFile; fileRef = 077A62D41F8C07D400404CB8 /* Extentions.swift */; };
		077A62D71F8C10E800404CB8 /* VideoCell.swift in Sources */ = {isa = PBXBuildFile; fileRef = 077A62D61F8C10E800404CB8 /* VideoCell.swift */; };
		077A62D91F8C736100404CB8 /* MenuBar.swift in Sources */ = {isa = PBXBuildFile; fileRef = 077A62D81F8C736100404CB8 /* MenuBar.swift */; };
		077A62DF1F8D02D300404CB8 /* Video.swift in Sources */ = {isa = PBXBuildFile; fileRef = 077A62DE1F8D02D300404CB8 /* Video.swift */; };
/* End PBXBuildFile section */

/* Begin PBXFileReference section */
		072CFDD41F9A3A95001D7468 /* SettingLancher.swift */ = {isa = PBXFileReference; lastKnownFileType = sourcecode.swift; path = SettingLancher.swift; sourceTree = "<group>"; };
		072CFDD61F9A3FBD001D7468 /* SettingCell.swift */ = {isa = PBXFileReference; lastKnownFileType = sourcecode.swift; path = SettingCell.swift; sourceTree = "<group>"; };
		072CFDD91F9A642C001D7468 /* ApiService.swift */ = {isa = PBXFileReference; lastKnownFileType = sourcecode.swift; path = ApiService.swift; sourceTree = "<group>"; };
		072CFDDB1F9A706E001D7468 /* FeedCell.swift */ = {isa = PBXFileReference; lastKnownFileType = sourcecode.swift; path = FeedCell.swift; sourceTree = "<group>"; };
		072CFDDD1F9A786B001D7468 /* TrendingCell.swift */ = {isa = PBXFileReference; lastKnownFileType = sourcecode.swift; path = TrendingCell.swift; sourceTree = "<group>"; };
		072CFDDF1F9A7A03001D7468 /* SubscriptionCell.swift */ = {isa = PBXFileReference; lastKnownFileType = sourcecode.swift; path = SubscriptionCell.swift; sourceTree = "<group>"; };
		072CFDE11F9A85F6001D7468 /* VideoLauncher.swift */ = {isa = PBXFileReference; lastKnownFileType = sourcecode.swift; path = VideoLauncher.swift; sourceTree = "<group>"; };
		073F19AC1EB93544000478D5 /* youtobe.app */ = {isa = PBXFileReference; explicitFileType = wrapper.application; includeInIndex = 0; path = youtobe.app; sourceTree = BUILT_PRODUCTS_DIR; };
		073F19AF1EB93544000478D5 /* AppDelegate.swift */ = {isa = PBXFileReference; lastKnownFileType = sourcecode.swift; path = AppDelegate.swift; sourceTree = "<group>"; };
		073F19B61EB93544000478D5 /* Assets.xcassets */ = {isa = PBXFileReference; lastKnownFileType = folder.assetcatalog; path = Assets.xcassets; sourceTree = "<group>"; };
		073F19B91EB93544000478D5 /* Base */ = {isa = PBXFileReference; lastKnownFileType = file.storyboard; name = Base; path = Base.lproj/LaunchScreen.storyboard; sourceTree = "<group>"; };
		073F19BB1EB93544000478D5 /* Info.plist */ = {isa = PBXFileReference; lastKnownFileType = text.plist.xml; path = Info.plist; sourceTree = "<group>"; };
		073F19C11EB9362B000478D5 /* HomeController.swift */ = {isa = PBXFileReference; fileEncoding = 4; lastKnownFileType = sourcecode.swift; path = HomeController.swift; sourceTree = "<group>"; };
		077A62D41F8C07D400404CB8 /* Extentions.swift */ = {isa = PBXFileReference; lastKnownFileType = sourcecode.swift; path = Extentions.swift; sourceTree = "<group>"; };
		077A62D61F8C10E800404CB8 /* VideoCell.swift */ = {isa = PBXFileReference; lastKnownFileType = sourcecode.swift; path = VideoCell.swift; sourceTree = "<group>"; };
		077A62D81F8C736100404CB8 /* MenuBar.swift */ = {isa = PBXFileReference; lastKnownFileType = sourcecode.swift; path = MenuBar.swift; sourceTree = "<group>"; };
		077A62DE1F8D02D300404CB8 /* Video.swift */ = {isa = PBXFileReference; lastKnownFileType = sourcecode.swift; path = Video.swift; sourceTree = "<group>"; };
/* End PBXFileReference section */

/* Begin PBXFrameworksBuildPhase section */
		073F19A91EB93544000478D5 /* Frameworks */ = {
			isa = PBXFrameworksBuildPhase;
			buildActionMask = 2147483647;
			files = (
			);
			runOnlyForDeploymentPostprocessing = 0;
		};
/* End PBXFrameworksBuildPhase section */

/* Begin PBXGroup section */
		072CFDD81F9A6419001D7468 /* APIService */ = {
			isa = PBXGroup;
			children = (
				072CFDD91F9A642C001D7468 /* ApiService.swift */,
			);
			path = APIService;
			sourceTree = "<group>";
		};
		073F19A31EB93544000478D5 = {
			isa = PBXGroup;
			children = (
				073F19AE1EB93544000478D5 /* youtobe */,
				073F19AD1EB93544000478D5 /* Products */,
			);
			sourceTree = "<group>";
		};
		073F19AD1EB93544000478D5 /* Products */ = {
			isa = PBXGroup;
			children = (
				073F19AC1EB93544000478D5 /* youtobe.app */,
			);
			name = Products;
			sourceTree = "<group>";
		};
		073F19AE1EB93544000478D5 /* youtobe */ = {
			isa = PBXGroup;
			children = (
				072CFDD81F9A6419001D7468 /* APIService */,
				077A62DD1F8D02C000404CB8 /* Helpers */,
				077A62DC1F8D02B800404CB8 /* Models */,
				077A62DB1F8D02AE00404CB8 /* Views */,
				077A62DA1F8D029C00404CB8 /* Controllers */,
				073F19AF1EB93544000478D5 /* AppDelegate.swift */,
				073F19B61EB93544000478D5 /* Assets.xcassets */,
				073F19B81EB93544000478D5 /* LaunchScreen.storyboard */,
				073F19BB1EB93544000478D5 /* Info.plist */,
			);
			path = youtobe;
			sourceTree = "<group>";
		};
		077A62DA1F8D029C00404CB8 /* Controllers */ = {
			isa = PBXGroup;
			children = (
				073F19C11EB9362B000478D5 /* HomeController.swift */,
				072CFDD41F9A3A95001D7468 /* SettingLancher.swift */,
				072CFDE11F9A85F6001D7468 /* VideoLauncher.swift */,
			);
			path = Controllers;
			sourceTree = "<group>";
		};
		077A62DB1F8D02AE00404CB8 /* Views */ = {
			isa = PBXGroup;
			children = (
				077A62D81F8C736100404CB8 /* MenuBar.swift */,
				077A62D61F8C10E800404CB8 /* VideoCell.swift */,
				072CFDD61F9A3FBD001D7468 /* SettingCell.swift */,
				072CFDDB1F9A706E001D7468 /* FeedCell.swift */,
				072CFDDD1F9A786B001D7468 /* TrendingCell.swift */,
				072CFDDF1F9A7A03001D7468 /* SubscriptionCell.swift */,
			);
			path = Views;
			sourceTree = "<group>";
		};
		077A62DC1F8D02B800404CB8 /* Models */ = {
			isa = PBXGroup;
			children = (
				077A62DE1F8D02D300404CB8 /* Video.swift */,
			);
			path = Models;
			sourceTree = "<group>";
		};
		077A62DD1F8D02C000404CB8 /* Helpers */ = {
			isa = PBXGroup;
			children = (
				077A62D41F8C07D400404CB8 /* Extentions.swift */,
			);
			path = Helpers;
			sourceTree = "<group>";
		};
/* End PBXGroup section */

/* Begin PBXNativeTarget section */
		073F19AB1EB93544000478D5 /* youtobe */ = {
			isa = PBXNativeTarget;
			buildConfigurationList = 073F19BE1EB93544000478D5 /* Build configuration list for PBXNativeTarget "youtobe" */;
			buildPhases = (
				073F19A81EB93544000478D5 /* Sources */,
				073F19A91EB93544000478D5 /* Frameworks */,
				073F19AA1EB93544000478D5 /* Resources */,
			);
			buildRules = (
			);
			dependencies = (
			);
			name = youtobe;
			productName = youtobe;
			productReference = 073F19AC1EB93544000478D5 /* youtobe.app */;
			productType = "com.apple.product-type.application";
		};
/* End PBXNativeTarget section */

/* Begin PBXProject section */
		073F19A41EB93544000478D5 /* Project object */ = {
			isa = PBXProject;
			attributes = {
				LastSwiftUpdateCheck = 0830;
				LastUpgradeCheck = 0830;
				ORGANIZATIONNAME = PAC;
				TargetAttributes = {
					073F19AB1EB93544000478D5 = {
						CreatedOnToolsVersion = 8.3.2;
						LastSwiftMigration = 0900;
						ProvisioningStyle = Automatic;
					};
				};
			};
			buildConfigurationList = 073F19A71EB93544000478D5 /* Build configuration list for PBXProject "youtobe" */;
			compatibilityVersion = "Xcode 3.2";
			developmentRegion = English;
			hasScannedForEncodings = 0;
			knownRegions = (
				en,
				Base,
			);
			mainGroup = 073F19A31EB93544000478D5;
			productRefGroup = 073F19AD1EB93544000478D5 /* Products */;
			projectDirPath = "";
			projectRoot = "";
			targets = (
				073F19AB1EB93544000478D5 /* youtobe */,
			);
		};
/* End PBXProject section */

/* Begin PBXResourcesBuildPhase section */
		073F19AA1EB93544000478D5 /* Resources */ = {
			isa = PBXResourcesBuildPhase;
			buildActionMask = 2147483647;
			files = (
				073F19BA1EB93544000478D5 /* LaunchScreen.storyboard in Resources */,
				073F19B71EB93544000478D5 /* Assets.xcassets in Resources */,
			);
			runOnlyForDeploymentPostprocessing = 0;
		};
/* End PBXResourcesBuildPhase section */

/* Begin PBXSourcesBuildPhase section */
		073F19A81EB93544000478D5 /* Sources */ = {
			isa = PBXSourcesBuildPhase;
			buildActionMask = 2147483647;
			files = (
				073F19C21EB9362B000478D5 /* HomeController.swift in Sources */,
				072CFDDC1F9A706E001D7468 /* FeedCell.swift in Sources */,
				072CFDDE1F9A786B001D7468 /* TrendingCell.swift in Sources */,
				077A62DF1F8D02D300404CB8 /* Video.swift in Sources */,
				072CFDD71F9A3FBD001D7468 /* SettingCell.swift in Sources */,
				077A62D71F8C10E800404CB8 /* VideoCell.swift in Sources */,
				073F19B01EB93544000478D5 /* AppDelegate.swift in Sources */,
				072CFDE21F9A85F6001D7468 /* VideoLauncher.swift in Sources */,
				072CFDDA1F9A642C001D7468 /* ApiService.swift in Sources */,
				077A62D51F8C07D400404CB8 /* Extentions.swift in Sources */,
				072CFDD51F9A3A95001D7468 /* SettingLancher.swift in Sources */,
				072CFDE01F9A7A03001D7468 /* SubscriptionCell.swift in Sources */,
				077A62D91F8C736100404CB8 /* MenuBar.swift in Sources */,
			);
			runOnlyForDeploymentPostprocessing = 0;
		};
/* End PBXSourcesBuildPhase section */

/* Begin PBXVariantGroup section */
		073F19B81EB93544000478D5 /* LaunchScreen.storyboard */ = {
			isa = PBXVariantGroup;
			children = (
				073F19B91EB93544000478D5 /* Base */,
			);
			name = LaunchScreen.storyboard;
			sourceTree = "<group>";
		};
/* End PBXVariantGroup section */

/* Begin XCBuildConfiguration section */
		073F19BC1EB93544000478D5 /* Debug */ = {
			isa = XCBuildConfiguration;
			buildSettings = {
				ALWAYS_SEARCH_USER_PATHS = NO;
				CLANG_ANALYZER_NONNULL = YES;
				CLANG_ANALYZER_NUMBER_OBJECT_CONVERSION = YES_AGGRESSIVE;
				CLANG_CXX_LANGUAGE_STANDARD = "gnu++0x";
				CLANG_CXX_LIBRARY = "libc++";
				CLANG_ENABLE_MODULES = YES;
				CLANG_ENABLE_OBJC_ARC = YES;
				CLANG_WARN_BOOL_CONVERSION = YES;
				CLANG_WARN_CONSTANT_CONVERSION = YES;
				CLANG_WARN_DIRECT_OBJC_ISA_USAGE = YES_ERROR;
				CLANG_WARN_DOCUMENTATION_COMMENTS = YES;
				CLANG_WARN_EMPTY_BODY = YES;
				CLANG_WARN_ENUM_CONVERSION = YES;
				CLANG_WARN_INFINITE_RECURSION = YES;
				CLANG_WARN_INT_CONVERSION = YES;
				CLANG_WARN_OBJC_ROOT_CLASS = YES_ERROR;
				CLANG_WARN_SUSPICIOUS_MOVE = YES;
				CLANG_WARN_UNREACHABLE_CODE = YES;
				CLANG_WARN__DUPLICATE_METHOD_MATCH = YES;
				"CODE_SIGN_IDENTITY[sdk=iphoneos*]" = "iPhone Developer";
				COPY_PHASE_STRIP = NO;
				DEBUG_INFORMATION_FORMAT = dwarf;
				ENABLE_STRICT_OBJC_MSGSEND = YES;
				ENABLE_TESTABILITY = YES;
				GCC_C_LANGUAGE_STANDARD = gnu99;
				GCC_DYNAMIC_NO_PIC = NO;
				GCC_NO_COMMON_BLOCKS = YES;
				GCC_OPTIMIZATION_LEVEL = 0;
				GCC_PREPROCESSOR_DEFINITIONS = (
					"DEBUG=1",
					"$(inherited)",
				);
				GCC_WARN_64_TO_32_BIT_CONVERSION = YES;
				GCC_WARN_ABOUT_RETURN_TYPE = YES_ERROR;
				GCC_WARN_UNDECLARED_SELECTOR = YES;
				GCC_WARN_UNINITIALIZED_AUTOS = YES_AGGRESSIVE;
				GCC_WARN_UNUSED_FUNCTION = YES;
				GCC_WARN_UNUSED_VARIABLE = YES;
				IPHONEOS_DEPLOYMENT_TARGET = 10.3;
				MTL_ENABLE_DEBUG_INFO = YES;
				ONLY_ACTIVE_ARCH = YES;
				SDKROOT = iphoneos;
				SWIFT_ACTIVE_COMPILATION_CONDITIONS = DEBUG;
				SWIFT_OPTIMIZATION_LEVEL = "-Onone";
				TARGETED_DEVICE_FAMILY = "1,2";
			};
			name = Debug;
		};
		073F19BD1EB93544000478D5 /* Release */ = {
			isa = XCBuildConfiguration;
			buildSettings = {
				ALWAYS_SEARCH_USER_PATHS = NO;
				CLANG_ANALYZER_NONNULL = YES;
				CLANG_ANALYZER_NUMBER_OBJECT_CONVERSION = YES_AGGRESSIVE;
				CLANG_CXX_LANGUAGE_STANDARD = "gnu++0x";
				CLANG_CXX_LIBRARY = "libc++";
				CLANG_ENABLE_MODULES = YES;
				CLANG_ENABLE_OBJC_ARC = YES;
				CLANG_WARN_BOOL_CONVERSION = YES;
				CLANG_WARN_CONSTANT_CONVERSION = YES;
				CLANG_WARN_DIRECT_OBJC_ISA_USAGE = YES_ERROR;
				CLANG_WARN_DOCUMENTATION_COMMENTS = YES;
				CLANG_WARN_EMPTY_BODY = YES;
				CLANG_WARN_ENUM_CONVERSION = YES;
				CLANG_WARN_INFINITE_RECURSION = YES;
				CLANG_WARN_INT_CONVERSION = YES;
				CLANG_WARN_OBJC_ROOT_CLASS = YES_ERROR;
				CLANG_WARN_SUSPICIOUS_MOVE = YES;
				CLANG_WARN_UNREACHABLE_CODE = YES;
				CLANG_WARN__DUPLICATE_METHOD_MATCH = YES;
				"CODE_SIGN_IDENTITY[sdk=iphoneos*]" = "iPhone Developer";
				COPY_PHASE_STRIP = NO;
				DEBUG_INFORMATION_FORMAT = "dwarf-with-dsym";
				ENABLE_NS_ASSERTIONS = NO;
				ENABLE_STRICT_OBJC_MSGSEND = YES;
				GCC_C_LANGUAGE_STANDARD = gnu99;
				GCC_NO_COMMON_BLOCKS = YES;
				GCC_WARN_64_TO_32_BIT_CONVERSION = YES;
				GCC_WARN_ABOUT_RETURN_TYPE = YES_ERROR;
				GCC_WARN_UNDECLARED_SELECTOR = YES;
				GCC_WARN_UNINITIALIZED_AUTOS = YES_AGGRESSIVE;
				GCC_WARN_UNUSED_FUNCTION = YES;
				GCC_WARN_UNUSED_VARIABLE = YES;
				IPHONEOS_DEPLOYMENT_TARGET = 10.3;
				MTL_ENABLE_DEBUG_INFO = NO;
				SDKROOT = iphoneos;
				SWIFT_OPTIMIZATION_LEVEL = "-Owholemodule";
				TARGETED_DEVICE_FAMILY = "1,2";
				VALIDATE_PRODUCT = YES;
			};
			name = Release;
		};
		073F19BF1EB93544000478D5 /* Debug */ = {
			isa = XCBuildConfiguration;
			buildSettings = {
				ASSETCATALOG_COMPILER_APPICON_NAME = AppIcon;
				DEVELOPMENT_TEAM = "";
				INFOPLIST_FILE = youtobe/Info.plist;
				IPHONEOS_DEPLOYMENT_TARGET = 10.0;
				LD_RUNPATH_SEARCH_PATHS = "$(inherited) @executable_path/Frameworks";
				PRODUCT_BUNDLE_IDENTIFIER = com.caesar.youtobe;
				PRODUCT_NAME = "$(TARGET_NAME)";
				SWIFT_VERSION = 4.0;
			};
			name = Debug;
		};
		073F19C01EB93544000478D5 /* Release */ = {
			isa = XCBuildConfiguration;
			buildSettings = {
				ASSETCATALOG_COMPILER_APPICON_NAME = AppIcon;
				DEVELOPMENT_TEAM = "";
				INFOPLIST_FILE = youtobe/Info.plist;
				IPHONEOS_DEPLOYMENT_TARGET = 10.0;
				LD_RUNPATH_SEARCH_PATHS = "$(inherited) @executable_path/Frameworks";
				PRODUCT_BUNDLE_IDENTIFIER = com.caesar.youtobe;
				PRODUCT_NAME = "$(TARGET_NAME)";
				SWIFT_VERSION = 4.0;
			};
			name = Release;
		};
/* End XCBuildConfiguration section */

/* Begin XCConfigurationList section */
		073F19A71EB93544000478D5 /* Build configuration list for PBXProject "youtobe" */ = {
			isa = XCConfigurationList;
			buildConfigurations = (
				073F19BC1EB93544000478D5 /* Debug */,
				073F19BD1EB93544000478D5 /* Release */,
			);
			defaultConfigurationIsVisible = 0;
			defaultConfigurationName = Release;
		};
		073F19BE1EB93544000478D5 /* Build configuration list for PBXNativeTarget "youtobe" */ = {
			isa = XCConfigurationList;
			buildConfigurations = (
				073F19BF1EB93544000478D5 /* Debug */,
				073F19C01EB93544000478D5 /* Release */,
			);
			defaultConfigurationIsVisible = 0;
			defaultConfigurationName = Release;
		};
/* End XCConfigurationList section */
	};
	rootObject = 073F19A41EB93544000478D5 /* Project object */;
}
